
Microsoft Visual Studio Solution File, Format Version 12.00
# Visual Studio Version 17
VisualStudioVersion = 17.6.33723.286
MinimumVisualStudioVersion = 10.0.40219.1
Project("{FAE04EC0-301F-11D3-BF4B-00C04F79EFBC}") = "API", "API\API.csproj", "{9104C1DD-63B0-4A75-B05C-EE527CED20F4}"
EndProject
Global
	GlobalSection(SolutionConfigurationPlatforms) = preSolution
		Debug|Any CPU = Debug|Any CPU
		Release|Any CPU = Release|Any CPU
	EndGlobalSection
	GlobalSection(ProjectConfigurationPlatforms) = postSolution
		{9104C1DD-63B0-4A75-B05C-EE527CED20F4}.Debug|Any CPU.ActiveCfg = Debug|Any CPU
		{9104C1DD-63B0-4A75-B05C-EE527CED20F4}.Debug|Any CPU.Build.0 = Debug|Any CPU
		{9104C1DD-63B0-4A75-B05C-EE527CED20F4}.Release|Any CPU.ActiveCfg = Release|Any CPU
		{9104C1DD-63B0-4A75-B05C-EE527CED20F4}.Release|Any CPU.Build.0 = Release|Any CPU
	EndGlobalSection
	GlobalSection(SolutionProperties) = preSolution
		HideSolutionNode = FALSE
	EndGlobalSection
	GlobalSection(ExtensibilityGlobals) = postSolution
		SolutionGuid = {6E8321A4-CAE1-45B3-8F92-ECD9A2534938}
	EndGlobalSection
EndGlobal
